
Microsoft Visual Studio Solution File, Format Version 12.00
# Visual Studio 15
VisualStudioVersion = 15.0.28307.168
MinimumVisualStudioVersion = 10.0.40219.1
Project("{FAE04EC0-301F-11D3-BF4B-00C04F79EFBC}") = "Sequences", "Sequences\Sequences.csproj", "{BFC969BF-2DD8-4396-B392-7ECB0D8AEFB1}"
EndProject
Global
	GlobalSection(SolutionConfigurationPlatforms) = preSolution
		Debug|Any CPU = Debug|Any CPU
		Release|Any CPU = Release|Any CPU
	EndGlobalSection
	GlobalSection(ProjectConfigurationPlatforms) = postSolution
		{BFC969BF-2DD8-4396-B392-7ECB0D8AEFB1}.Debug|Any CPU.ActiveCfg = Debug|Any CPU
		{BFC969BF-2DD8-4396-B392-7ECB0D8AEFB1}.Debug|Any CPU.Build.0 = Debug|Any CPU
		{BFC969BF-2DD8-4396-B392-7ECB0D8AEFB1}.Release|Any CPU.ActiveCfg = Release|Any CPU
		{BFC969BF-2DD8-4396-B392-7ECB0D8AEFB1}.Release|Any CPU.Build.0 = Release|Any CPU
	EndGlobalSection
	GlobalSection(SolutionProperties) = preSolution
		HideSolutionNode = FALSE
	EndGlobalSection
	GlobalSection(ExtensibilityGlobals) = postSolution
		SolutionGuid = {3FFADAE6-D0BB-4439-AF7C-B57065A822EF}
	EndGlobalSection
EndGlobal
