
Microsoft Visual Studio Solution File, Format Version 12.00
# Visual Studio 15
VisualStudioVersion = 15.0.28307.168
MinimumVisualStudioVersion = 10.0.40219.1
Project("{FAE04EC0-301F-11D3-BF4B-00C04F79EFBC}") = "ChessBoard", "ChessBoard\ChessBoard.csproj", "{E033E938-CC52-42EC-9DD0-D8837602213A}"
EndProject
Project("{FAE04EC0-301F-11D3-BF4B-00C04F79EFBC}") = "ChessBoard.Tests", "ChessBoard.Tests\ChessBoard.Tests.csproj", "{02AE1F63-C606-4397-A032-9584E646ECE3}"
EndProject
Global
	GlobalSection(SolutionConfigurationPlatforms) = preSolution
		Debug|Any CPU = Debug|Any CPU
		Release|Any CPU = Release|Any CPU
	EndGlobalSection
	GlobalSection(ProjectConfigurationPlatforms) = postSolution
		{E033E938-CC52-42EC-9DD0-D8837602213A}.Debug|Any CPU.ActiveCfg = Debug|Any CPU
		{E033E938-CC52-42EC-9DD0-D8837602213A}.Debug|Any CPU.Build.0 = Debug|Any CPU
		{E033E938-CC52-42EC-9DD0-D8837602213A}.Release|Any CPU.ActiveCfg = Release|Any CPU
		{E033E938-CC52-42EC-9DD0-D8837602213A}.Release|Any CPU.Build.0 = Release|Any CPU
		{02AE1F63-C606-4397-A032-9584E646ECE3}.Debug|Any CPU.ActiveCfg = Debug|Any CPU
		{02AE1F63-C606-4397-A032-9584E646ECE3}.Debug|Any CPU.Build.0 = Debug|Any CPU
		{02AE1F63-C606-4397-A032-9584E646ECE3}.Release|Any CPU.ActiveCfg = Release|Any CPU
		{02AE1F63-C606-4397-A032-9584E646ECE3}.Release|Any CPU.Build.0 = Release|Any CPU
	EndGlobalSection
	GlobalSection(SolutionProperties) = preSolution
		HideSolutionNode = FALSE
	EndGlobalSection
	GlobalSection(ExtensibilityGlobals) = postSolution
		SolutionGuid = {3FFADAE6-D0BB-4439-AF7C-B57065A822EF}
	EndGlobalSection
EndGlobal
