
Microsoft Visual Studio Solution File, Format Version 12.00
# Visual Studio 15
VisualStudioVersion = 15.0.28307.168
MinimumVisualStudioVersion = 10.0.40219.1
Project("{FAE04EC0-301F-11D3-BF4B-00C04F79EFBC}") = "TriangleSort", "TriangleSort\TriangleSort.csproj", "{2045B940-5755-4E09-87C5-A237E6805854}"
EndProject
Project("{FAE04EC0-301F-11D3-BF4B-00C04F79EFBC}") = "TriangleSort.Tests", "TriangleSort.Tests\TriangleSort.Tests.csproj", "{758BDC92-4C86-4A3F-9B7E-29269E3F70DC}"
EndProject
Global
	GlobalSection(SolutionConfigurationPlatforms) = preSolution
		Debug|Any CPU = Debug|Any CPU
		Release|Any CPU = Release|Any CPU
	EndGlobalSection
	GlobalSection(ProjectConfigurationPlatforms) = postSolution
		{2045B940-5755-4E09-87C5-A237E6805854}.Debug|Any CPU.ActiveCfg = Debug|Any CPU
		{2045B940-5755-4E09-87C5-A237E6805854}.Debug|Any CPU.Build.0 = Debug|Any CPU
		{2045B940-5755-4E09-87C5-A237E6805854}.Release|Any CPU.ActiveCfg = Release|Any CPU
		{2045B940-5755-4E09-87C5-A237E6805854}.Release|Any CPU.Build.0 = Release|Any CPU
		{758BDC92-4C86-4A3F-9B7E-29269E3F70DC}.Debug|Any CPU.ActiveCfg = Debug|Any CPU
		{758BDC92-4C86-4A3F-9B7E-29269E3F70DC}.Debug|Any CPU.Build.0 = Debug|Any CPU
		{758BDC92-4C86-4A3F-9B7E-29269E3F70DC}.Release|Any CPU.ActiveCfg = Release|Any CPU
		{758BDC92-4C86-4A3F-9B7E-29269E3F70DC}.Release|Any CPU.Build.0 = Release|Any CPU
	EndGlobalSection
	GlobalSection(SolutionProperties) = preSolution
		HideSolutionNode = FALSE
	EndGlobalSection
	GlobalSection(ExtensibilityGlobals) = postSolution
		SolutionGuid = {3FFADAE6-D0BB-4439-AF7C-B57065A822EF}
	EndGlobalSection
EndGlobal
